
Microsoft Visual Studio Solution File, Format Version 12.00
# Visual Studio 2013
VisualStudioVersion = 12.0.21005.1
MinimumVisualStudioVersion = 10.0.40219.1
Project("{FAE04EC0-301F-11D3-BF4B-00C04F79EFBC}") = "HRMS", "HRMS\HRMS.csproj", "{80E4E153-2AB2-421F-9FAB-1A05CBA498D5}"
EndProject
Project("{FAE04EC0-301F-11D3-BF4B-00C04F79EFBC}") = "Domain", "Domain\Domain.csproj", "{10197B28-B1E7-477B-BC0E-5964E21836FF}"
EndProject
Project("{FAE04EC0-301F-11D3-BF4B-00C04F79EFBC}") = "DAL", "DAL\DAL.csproj", "{00CE326E-3953-4DC6-84BE-32D5CDF1849C}"
EndProject
Global
	GlobalSection(SolutionConfigurationPlatforms) = preSolution
		Debug|Any CPU = Debug|Any CPU
		Release|Any CPU = Release|Any CPU
	EndGlobalSection
	GlobalSection(ProjectConfigurationPlatforms) = postSolution
		{80E4E153-2AB2-421F-9FAB-1A05CBA498D5}.Debug|Any CPU.ActiveCfg = Debug|Any CPU
		{80E4E153-2AB2-421F-9FAB-1A05CBA498D5}.Debug|Any CPU.Build.0 = Debug|Any CPU
		{80E4E153-2AB2-421F-9FAB-1A05CBA498D5}.Release|Any CPU.ActiveCfg = Release|Any CPU
		{80E4E153-2AB2-421F-9FAB-1A05CBA498D5}.Release|Any CPU.Build.0 = Release|Any CPU
		{10197B28-B1E7-477B-BC0E-5964E21836FF}.Debug|Any CPU.ActiveCfg = Debug|Any CPU
		{10197B28-B1E7-477B-BC0E-5964E21836FF}.Debug|Any CPU.Build.0 = Debug|Any CPU
		{10197B28-B1E7-477B-BC0E-5964E21836FF}.Release|Any CPU.ActiveCfg = Release|Any CPU
		{10197B28-B1E7-477B-BC0E-5964E21836FF}.Release|Any CPU.Build.0 = Release|Any CPU
		{00CE326E-3953-4DC6-84BE-32D5CDF1849C}.Debug|Any CPU.ActiveCfg = Debug|Any CPU
		{00CE326E-3953-4DC6-84BE-32D5CDF1849C}.Debug|Any CPU.Build.0 = Debug|Any CPU
		{00CE326E-3953-4DC6-84BE-32D5CDF1849C}.Release|Any CPU.ActiveCfg = Release|Any CPU
		{00CE326E-3953-4DC6-84BE-32D5CDF1849C}.Release|Any CPU.Build.0 = Release|Any CPU
	EndGlobalSection
	GlobalSection(SolutionProperties) = preSolution
		HideSolutionNode = FALSE
	EndGlobalSection
EndGlobal
